Microsoft Visual Studio Solution File, Format Version 11.00
# Visual Studio 2008

Project("{BDDFEB63-00B5-4093-9A82-7FCAC35C09DB}") = "adventure day", "Assembly-CSharp-firstpass-vs.csproj", "{3375CE22-BA88-F474-3F19-8E3D04D12EAF}"
EndProject
Project("{BDDFEB63-00B5-4093-9A82-7FCAC35C09DB}") = "adventure day", "Assembly-CSharp-vs.csproj", "{12DAADB1-20AF-98C3-EF9D-C1DB50CEA7B1}"
EndProject
Project("{BDDFEB63-00B5-4093-9A82-7FCAC35C09DB}") = "adventure day", "Assembly-CSharp-Editor-vs.csproj", "{F2B6AFAD-9D58-FF48-3248-3C5195D03DD7}"
EndProject
Global
	GlobalSection(SolutionConfigurationPlatforms) = preSolution
		Debug|Any CPU = Debug|Any CPU
		Release|Any CPU = Release|Any CPU
	EndGlobalSection
	GlobalSection(ProjectConfigurationPlatforms) = postSolution
		{3375CE22-BA88-F474-3F19-8E3D04D12EAF}.Debug|Any CPU.ActiveCfg = Debug|Any CPU
		{3375CE22-BA88-F474-3F19-8E3D04D12EAF}.Debug|Any CPU.Build.0 = Debug|Any CPU
		{3375CE22-BA88-F474-3F19-8E3D04D12EAF}.Release|Any CPU.ActiveCfg = Release|Any CPU
		{3375CE22-BA88-F474-3F19-8E3D04D12EAF}.Release|Any CPU.Build.0 = Release|Any CPU
		{12DAADB1-20AF-98C3-EF9D-C1DB50CEA7B1}.Debug|Any CPU.ActiveCfg = Debug|Any CPU
		{12DAADB1-20AF-98C3-EF9D-C1DB50CEA7B1}.Debug|Any CPU.Build.0 = Debug|Any CPU
		{12DAADB1-20AF-98C3-EF9D-C1DB50CEA7B1}.Release|Any CPU.ActiveCfg = Release|Any CPU
		{12DAADB1-20AF-98C3-EF9D-C1DB50CEA7B1}.Release|Any CPU.Build.0 = Release|Any CPU
		{F2B6AFAD-9D58-FF48-3248-3C5195D03DD7}.Debug|Any CPU.ActiveCfg = Debug|Any CPU
		{F2B6AFAD-9D58-FF48-3248-3C5195D03DD7}.Debug|Any CPU.Build.0 = Debug|Any CPU
		{F2B6AFAD-9D58-FF48-3248-3C5195D03DD7}.Release|Any CPU.ActiveCfg = Release|Any CPU
		{F2B6AFAD-9D58-FF48-3248-3C5195D03DD7}.Release|Any CPU.Build.0 = Release|Any CPU
	EndGlobalSection
	GlobalSection(SolutionProperties) = preSolution
		HideSolutionNode = FALSE
	EndGlobalSection
						GlobalSection(MonoDevelopProperties) = preSolution
		StartupItem = Assembly-CSharp.csproj
		Policies = $0
		$0.TextStylePolicy = $1
		$1.inheritsSet = null
		$1.scope = text/x-csharp
		$0.CSharpFormattingPolicy = $2
		$2.inheritsSet = Mono
		$2.inheritsScope = text/x-csharp
		$2.scope = text/x-csharp
		$0.TextStylePolicy = $3
		$3.FileWidth = 120
		$3.TabWidth = 4
		$3.EolMarker = Unix
		$3.inheritsSet = Mono
		$3.inheritsScope = text/plain
		$3.scope = text/plain
	EndGlobalSection

EndGlobal
